
Microsoft Visual Studio Solution File, Format Version 12.00
# Visual Studio Version 16
VisualStudioVersion = 16.0.30711.63
MinimumVisualStudioVersion = 10.0.40219.1
Project("{FAE04EC0-301F-11D3-BF4B-00C04F79EFBC}") = "FireworksEverywhere", "FireworksEverywhere\FireworksEverywhere.csproj", "{5D209EF7-4E0A-4BFD-93F7-9DED074AC02D}"
EndProject
Global
	GlobalSection(SolutionConfigurationPlatforms) = preSolution
		Debug|Any CPU = Debug|Any CPU
		Release|Any CPU = Release|Any CPU
	EndGlobalSection
	GlobalSection(ProjectConfigurationPlatforms) = postSolution
		{5D209EF7-4E0A-4BFD-93F7-9DED074AC02D}.Debug|Any CPU.ActiveCfg = Debug|Any CPU
		{5D209EF7-4E0A-4BFD-93F7-9DED074AC02D}.Debug|Any CPU.Build.0 = Debug|Any CPU
		{5D209EF7-4E0A-4BFD-93F7-9DED074AC02D}.Release|Any CPU.ActiveCfg = Release|Any CPU
		{5D209EF7-4E0A-4BFD-93F7-9DED074AC02D}.Release|Any CPU.Build.0 = Release|Any CPU
	EndGlobalSection
	GlobalSection(SolutionProperties) = preSolution
		HideSolutionNode = FALSE
	EndGlobalSection
	GlobalSection(ExtensibilityGlobals) = postSolution
		SolutionGuid = {C5F1483B-22B4-4DB1-9FE5-887457A2189D}
	EndGlobalSection
EndGlobal
